
Microsoft Visual Studio Solution File, Format Version 12.00
# Visual Studio Version 17
VisualStudioVersion = 17.2.32630.192
MinimumVisualStudioVersion = 10.0.40219.1
Project("{9A19103F-16F7-4668-BE54-9A1E7A4F7556}") = "FuturesBotKiler", "FuturesBotKiler\FuturesBotKiler.csproj", "{ADADBB57-C044-47F9-9711-0F9D95D7DB8A}"
EndProject
Project("{9A19103F-16F7-4668-BE54-9A1E7A4F7556}") = "WebJob", "WebJob\WebJob.csproj", "{FED2C1AA-E644-435F-87BF-DD1752820CDD}"
EndProject
Project("{9A19103F-16F7-4668-BE54-9A1E7A4F7556}") = "EmptyBlazorApp1", "EmptyBlazorApp1\EmptyBlazorApp1.csproj", "{7ABCBD89-4F8B-4986-B4BB-04CDEA8CDDEC}"
EndProject
Project("{FAE04EC0-301F-11D3-BF4B-00C04F79EFBC}") = "FuturesBotKiler.Shared", "FuturesBotKiler.Shared\FuturesBotKiler.Shared.csproj", "{D59A2CF3-969C-484D-AEC8-AE09AE6408D6}"
EndProject
Global
	GlobalSection(SolutionConfigurationPlatforms) = preSolution
		Debug|Any CPU = Debug|Any CPU
		Release|Any CPU = Release|Any CPU
	EndGlobalSection
	GlobalSection(ProjectConfigurationPlatforms) = postSolution
		{ADADBB57-C044-47F9-9711-0F9D95D7DB8A}.Debug|Any CPU.ActiveCfg = Debug|Any CPU
		{ADADBB57-C044-47F9-9711-0F9D95D7DB8A}.Debug|Any CPU.Build.0 = Debug|Any CPU
		{ADADBB57-C044-47F9-9711-0F9D95D7DB8A}.Release|Any CPU.ActiveCfg = Release|Any CPU
		{ADADBB57-C044-47F9-9711-0F9D95D7DB8A}.Release|Any CPU.Build.0 = Release|Any CPU
		{FED2C1AA-E644-435F-87BF-DD1752820CDD}.Debug|Any CPU.ActiveCfg = Debug|Any CPU
		{FED2C1AA-E644-435F-87BF-DD1752820CDD}.Debug|Any CPU.Build.0 = Debug|Any CPU
		{FED2C1AA-E644-435F-87BF-DD1752820CDD}.Release|Any CPU.ActiveCfg = Release|Any CPU
		{FED2C1AA-E644-435F-87BF-DD1752820CDD}.Release|Any CPU.Build.0 = Release|Any CPU
		{7ABCBD89-4F8B-4986-B4BB-04CDEA8CDDEC}.Debug|Any CPU.ActiveCfg = Debug|Any CPU
		{7ABCBD89-4F8B-4986-B4BB-04CDEA8CDDEC}.Debug|Any CPU.Build.0 = Debug|Any CPU
		{7ABCBD89-4F8B-4986-B4BB-04CDEA8CDDEC}.Release|Any CPU.ActiveCfg = Release|Any CPU
		{7ABCBD89-4F8B-4986-B4BB-04CDEA8CDDEC}.Release|Any CPU.Build.0 = Release|Any CPU
		{D59A2CF3-969C-484D-AEC8-AE09AE6408D6}.Debug|Any CPU.ActiveCfg = Debug|Any CPU
		{D59A2CF3-969C-484D-AEC8-AE09AE6408D6}.Debug|Any CPU.Build.0 = Debug|Any CPU
		{D59A2CF3-969C-484D-AEC8-AE09AE6408D6}.Release|Any CPU.ActiveCfg = Release|Any CPU
		{D59A2CF3-969C-484D-AEC8-AE09AE6408D6}.Release|Any CPU.Build.0 = Release|Any CPU
	EndGlobalSection
	GlobalSection(SolutionProperties) = preSolution
		HideSolutionNode = FALSE
	EndGlobalSection
	GlobalSection(ExtensibilityGlobals) = postSolution
		SolutionGuid = {C7E42CBC-457D-4B17-BE08-BCE20C8BCC08}
	EndGlobalSection
EndGlobal
